// !$*UTF8*$!
{
	archiveVersion = 1;
	classes = {
	};
	objectVersion = 46;
	objects = {

/* Begin PBXBuildFile section */
		B93D812A1F8F487700CB5708 /* main.m in Sources */ = {isa = PBXBuildFile; fileRef = B93D81291F8F487700CB5708 /* main.m */; };
		B93D812D1F8F487700CB5708 /* AppDelegate.m in Sources */ = {isa = PBXBuildFile; fileRef = B93D812C1F8F487700CB5708 /* AppDelegate.m */; };
		B93D81301F8F487700CB5708 /* ViewController.m in Sources */ = {isa = PBXBuildFile; fileRef = B93D812F1F8F487700CB5708 /* ViewController.m */; };
		B93D81331F8F487700CB5708 /* Main.storyboard in Resources */ = {isa = PBXBuildFile; fileRef = B93D81311F8F487700CB5708 /* Main.storyboard */; };
		B93D81351F8F487700CB5708 /* Assets.xcassets in Resources */ = {isa = PBXBuildFile; fileRef = B93D81341F8F487700CB5708 /* Assets.xcassets */; };
		B93D81381F8F487700CB5708 /* LaunchScreen.storyboard in Resources */ = {isa = PBXBuildFile; fileRef = B93D81361F8F487700CB5708 /* LaunchScreen.storyboard */; };
		B93D81431F8F487700CB5708 /* singletonusingsqliteTests.m in Sources */ = {isa = PBXBuildFile; fileRef = B93D81421F8F487700CB5708 /* singletonusingsqliteTests.m */; };
		B93D814E1F8F487700CB5708 /* singletonusingsqliteUITests.m in Sources */ = {isa = PBXBuildFile; fileRef = B93D814D1F8F487700CB5708 /* singletonusingsqliteUITests.m */; };
		B93D815D1F8F489000CB5708 /* database.m in Sources */ = {isa = PBXBuildFile; fileRef = B93D815C1F8F489000CB5708 /* database.m */; };
		B93D81601F8F4A7800CB5708 /* operationsViewController.m in Sources */ = {isa = PBXBuildFile; fileRef = B93D815F1F8F4A7800CB5708 /* operationsViewController.m */; };
/* End PBXBuildFile section */

/* Begin PBXContainerItemProxy section */
		B93D813F1F8F487700CB5708 /* PBXContainerItemProxy */ = {
			isa = PBXContainerItemProxy;
			containerPortal = B93D811D1F8F487700CB5708 /* Project object */;
			proxyType = 1;
			remoteGlobalIDString = B93D81241F8F487700CB5708;
			remoteInfo = singletonusingsqlite;
		};
		B93D814A1F8F487700CB5708 /* PBXContainerItemProxy */ = {
			isa = PBXContainerItemProxy;
			containerPortal = B93D811D1F8F487700CB5708 /* Project object */;
			proxyType = 1;
			remoteGlobalIDString = B93D81241F8F487700CB5708;
			remoteInfo = singletonusingsqlite;
		};
/* End PBXContainerItemProxy section */

/* Begin PBXFileReference section */
		B93D81251F8F487700CB5708 /* singletonusingsqlite.app */ = {isa = PBXFileReference; explicitFileType = wrapper.application; includeInIndex = 0; path = singletonusingsqlite.app; sourceTree = BUILT_PRODUCTS_DIR; };
		B93D81291F8F487700CB5708 /* main.m */ = {isa = PBXFileReference; lastKnownFileType = sourcecode.c.objc; path = main.m; sourceTree = "<group>"; };
		B93D812B1F8F487700CB5708 /* AppDelegate.h */ = {isa = PBXFileReference; lastKnownFileType = sourcecode.c.h; path = AppDelegate.h; sourceTree = "<group>"; };
		B93D812C1F8F487700CB5708 /* AppDelegate.m */ = {isa = PBXFileReference; lastKnownFileType = sourcecode.c.objc; path = AppDelegate.m; sourceTree = "<group>"; };
		B93D812E1F8F487700CB5708 /* ViewController.h */ = {isa = PBXFileReference; lastKnownFileType = sourcecode.c.h; path = ViewController.h; sourceTree = "<group>"; };
		B93D812F1F8F487700CB5708 /* ViewController.m */ = {isa = PBXFileReference; lastKnownFileType = sourcecode.c.objc; path = ViewController.m; sourceTree = "<group>"; };
		B93D81321F8F487700CB5708 /* Base */ = {isa = PBXFileReference; lastKnownFileType = file.storyboard; name = Base; path = Base.lproj/Main.storyboard; sourceTree = "<group>"; };
		B93D81341F8F487700CB5708 /* Assets.xcassets */ = {isa = PBXFileReference; lastKnownFileType = folder.assetcatalog; path = Assets.xcassets; sourceTree = "<group>"; };
		B93D81371F8F487700CB5708 /* Base */ = {isa = PBXFileReference; lastKnownFileType = file.storyboard; name = Base; path = Base.lproj/LaunchScreen.storyboard; sourceTree = "<group>"; };
		B93D81391F8F487700CB5708 /* Info.plist */ = {isa = PBXFileReference; lastKnownFileType = text.plist.xml; path = Info.plist; sourceTree = "<group>"; };
		B93D813E1F8F487700CB5708 /* singletonusingsqliteTests.xctest */ = {isa = PBXFileReference; explicitFileType = wrapper.cfbundle; includeInIndex = 0; path = singletonusingsqliteTests.xctest; sourceTree = BUILT_PRODUCTS_DIR; };
		B93D81421F8F487700CB5708 /* singletonusingsqliteTests.m */ = {isa = PBXFileReference; lastKnownFileType = sourcecode.c.objc; path = singletonusingsqliteTests.m; sourceTree = "<group>"; };
		B93D81441F8F487700CB5708 /* Info.plist */ = {isa = PBXFileReference; lastKnownFileType = text.plist.xml; path = Info.plist; sourceTree = "<group>"; };
		B93D81491F8F487700CB5708 /* singletonusingsqliteUITests.xctest */ = {isa = PBXFileReference; explicitFileType = wrapper.cfbundle; includeInIndex = 0; path = singletonusingsqliteUITests.xctest; sourceTree = BUILT_PRODUCTS_DIR; };
		B93D814D1F8F487700CB5708 /* singletonusingsqliteUITests.m */ = {isa = PBXFileReference; lastKnownFileType = sourcecode.c.objc; path = singletonusingsqliteUITests.m; sourceTree = "<group>"; };
		B93D814F1F8F487700CB5708 /* Info.plist */ = {isa = PBXFileReference; lastKnownFileType = text.plist.xml; path = Info.plist; sourceTree = "<group>"; };
		B93D815B1F8F489000CB5708 /* database.h */ = {isa = PBXFileReference; fileEncoding = 4; lastKnownFileType = sourcecode.c.h; path = database.h; sourceTree = "<group>"; };
		B93D815C1F8F489000CB5708 /* database.m */ = {isa = PBXFileReference; fileEncoding = 4; lastKnownFileType = sourcecode.c.objc; path = database.m; sourceTree = "<group>"; };
		B93D815E1F8F4A7800CB5708 /* operationsViewController.h */ = {isa = PBXFileReference; fileEncoding = 4; lastKnownFileType = sourcecode.c.h; path = operationsViewController.h; sourceTree = "<group>"; };
		B93D815F1F8F4A7800CB5708 /* operationsViewController.m */ = {isa = PBXFileReference; fileEncoding = 4; lastKnownFileType = sourcecode.c.objc; path = operationsViewController.m; sourceTree = "<group>"; };
/* End PBXFileReference section */

/* Begin PBXFrameworksBuildPhase section */
		B93D81221F8F487700CB5708 /* Frameworks */ = {
			isa = PBXFrameworksBuildPhase;
			buildActionMask = 2147483647;
			files = (
			);
			runOnlyForDeploymentPostprocessing = 0;
		};
		B93D813B1F8F487700CB5708 /* Frameworks */ = {
			isa = PBXFrameworksBuildPhase;
			buildActionMask = 2147483647;
			files = (
			);
			runOnlyForDeploymentPostprocessing = 0;
		};
		B93D81461F8F487700CB5708 /* Frameworks */ = {
			isa = PBXFrameworksBuildPhase;
			buildActionMask = 2147483647;
			files = (
			);
			runOnlyForDeploymentPostprocessing = 0;
		};
/* End PBXFrameworksBuildPhase section */

/* Begin PBXGroup section */
		B93D811C1F8F487700CB5708 = {
			isa = PBXGroup;
			children = (
				B93D81271F8F487700CB5708 /* singletonusingsqlite */,
				B93D81411F8F487700CB5708 /* singletonusingsqliteTests */,
				B93D814C1F8F487700CB5708 /* singletonusingsqliteUITests */,
				B93D81261F8F487700CB5708 /* Products */,
			);
			sourceTree = "<group>";
		};
		B93D81261F8F487700CB5708 /* Products */ = {
			isa = PBXGroup;
			children = (
				B93D81251F8F487700CB5708 /* singletonusingsqlite.app */,
				B93D813E1F8F487700CB5708 /* singletonusingsqliteTests.xctest */,
				B93D81491F8F487700CB5708 /* singletonusingsqliteUITests.xctest */,
			);
			name = Products;
			sourceTree = "<group>";
		};
		B93D81271F8F487700CB5708 /* singletonusingsqlite */ = {
			isa = PBXGroup;
			children = (
				B93D812B1F8F487700CB5708 /* AppDelegate.h */,
				B93D812C1F8F487700CB5708 /* AppDelegate.m */,
				B93D812E1F8F487700CB5708 /* ViewController.h */,
				B93D815B1F8F489000CB5708 /* database.h */,
				B93D815C1F8F489000CB5708 /* database.m */,
				B93D812F1F8F487700CB5708 /* ViewController.m */,
				B93D81311F8F487700CB5708 /* Main.storyboard */,
				B93D815E1F8F4A7800CB5708 /* operationsViewController.h */,
				B93D815F1F8F4A7800CB5708 /* operationsViewController.m */,
				B93D81341F8F487700CB5708 /* Assets.xcassets */,
				B93D81361F8F487700CB5708 /* LaunchScreen.storyboard */,
				B93D81391F8F487700CB5708 /* Info.plist */,
				B93D81281F8F487700CB5708 /* Supporting Files */,
			);
			path = singletonusingsqlite;
			sourceTree = "<group>";
		};
		B93D81281F8F487700CB5708 /* Supporting Files */ = {
			isa = PBXGroup;
			children = (
				B93D81291F8F487700CB5708 /* main.m */,
			);
			name = "Supporting Files";
			sourceTree = "<group>";
		};
		B93D81411F8F487700CB5708 /* singletonusingsqliteTests */ = {
			isa = PBXGroup;
			children = (
				B93D81421F8F487700CB5708 /* singletonusingsqliteTests.m */,
				B93D81441F8F487700CB5708 /* Info.plist */,
			);
			path = singletonusingsqliteTests;
			sourceTree = "<group>";
		};
		B93D814C1F8F487700CB5708 /* singletonusingsqliteUITests */ = {
			isa = PBXGroup;
			children = (
				B93D814D1F8F487700CB5708 /* singletonusingsqliteUITests.m */,
				B93D814F1F8F487700CB5708 /* Info.plist */,
			);
			path = singletonusingsqliteUITests;
			sourceTree = "<group>";
		};
/* End PBXGroup section */

/* Begin PBXNativeTarget section */
		B93D81241F8F487700CB5708 /* singletonusingsqlite */ = {
			isa = PBXNativeTarget;
			buildConfigurationList = B93D81521F8F487700CB5708 /* Build configuration list for PBXNativeTarget "singletonusingsqlite" */;
			buildPhases = (
				B93D81211F8F487700CB5708 /* Sources */,
				B93D81221F8F487700CB5708 /* Frameworks */,
				B93D81231F8F487700CB5708 /* Resources */,
			);
			buildRules = (
			);
			dependencies = (
			);
			name = singletonusingsqlite;
			productName = singletonusingsqlite;
			productReference = B93D81251F8F487700CB5708 /* singletonusingsqlite.app */;
			productType = "com.apple.product-type.application";
		};
		B93D813D1F8F487700CB5708 /* singletonusingsqliteTests */ = {
			isa = PBXNativeTarget;
			buildConfigurationList = B93D81551F8F487700CB5708 /* Build configuration list for PBXNativeTarget "singletonusingsqliteTests" */;
			buildPhases = (
				B93D813A1F8F487700CB5708 /* Sources */,
				B93D813B1F8F487700CB5708 /* Frameworks */,
				B93D813C1F8F487700CB5708 /* Resources */,
			);
			buildRules = (
			);
			dependencies = (
				B93D81401F8F487700CB5708 /* PBXTargetDependency */,
			);
			name = singletonusingsqliteTests;
			productName = singletonusingsqliteTests;
			productReference = B93D813E1F8F487700CB5708 /* singletonusingsqliteTests.xctest */;
			productType = "com.apple.product-type.bundle.unit-test";
		};
		B93D81481F8F487700CB5708 /* singletonusingsqliteUITests */ = {
			isa = PBXNativeTarget;
			buildConfigurationList = B93D81581F8F487700CB5708 /* Build configuration list for PBXNativeTarget "singletonusingsqliteUITests" */;
			buildPhases = (
				B93D81451F8F487700CB5708 /* Sources */,
				B93D81461F8F487700CB5708 /* Frameworks */,
				B93D81471F8F487700CB5708 /* Resources */,
			);
			buildRules = (
			);
			dependencies = (
				B93D814B1F8F487700CB5708 /* PBXTargetDependency */,
			);
			name = singletonusingsqliteUITests;
			productName = singletonusingsqliteUITests;
			productReference = B93D81491F8F487700CB5708 /* singletonusingsqliteUITests.xctest */;
			productType = "com.apple.product-type.bundle.ui-testing";
		};
/* End PBXNativeTarget section */

/* Begin PBXProject section */
		B93D811D1F8F487700CB5708 /* Project object */ = {
			isa = PBXProject;
			attributes = {
				LastUpgradeCheck = 0730;
				ORGANIZATIONNAME = sonal;
				TargetAttributes = {
					B93D81241F8F487700CB5708 = {
						CreatedOnToolsVersion = 7.3;
					};
					B93D813D1F8F487700CB5708 = {
						CreatedOnToolsVersion = 7.3;
						TestTargetID = B93D81241F8F487700CB5708;
					};
					B93D81481F8F487700CB5708 = {
						CreatedOnToolsVersion = 7.3;
						TestTargetID = B93D81241F8F487700CB5708;
					};
				};
			};
			buildConfigurationList = B93D81201F8F487700CB5708 /* Build configuration list for PBXProject "singletonusingsqlite" */;
			compatibilityVersion = "Xcode 3.2";
			developmentRegion = English;
			hasScannedForEncodings = 0;
			knownRegions = (
				en,
				Base,
			);
			mainGroup = B93D811C1F8F487700CB5708;
			productRefGroup = B93D81261F8F487700CB5708 /* Products */;
			projectDirPath = "";
			projectRoot = "";
			targets = (
				B93D81241F8F487700CB5708 /* singletonusingsqlite */,
				B93D813D1F8F487700CB5708 /* singletonusingsqliteTests */,
				B93D81481F8F487700CB5708 /* singletonusingsqliteUITests */,
			);
		};
/* End PBXProject section */

/* Begin PBXResourcesBuildPhase section */
		B93D81231F8F487700CB5708 /* Resources */ = {
			isa = PBXResourcesBuildPhase;
			buildActionMask = 2147483647;
			files = (
				B93D81381F8F487700CB5708 /* LaunchScreen.storyboard in Resources */,
				B93D81351F8F487700CB5708 /* Assets.xcassets in Resources */,
				B93D81331F8F487700CB5708 /* Main.storyboard in Resources */,
			);
			runOnlyForDeploymentPostprocessing = 0;
		};
		B93D813C1F8F487700CB5708 /* Resources */ = {
			isa = PBXResourcesBuildPhase;
			buildActionMask = 2147483647;
			files = (
			);
			runOnlyForDeploymentPostprocessing = 0;
		};
		B93D81471F8F487700CB5708 /* Resources */ = {
			isa = PBXResourcesBuildPhase;
			buildActionMask = 2147483647;
			files = (
			);
			runOnlyForDeploymentPostprocessing = 0;
		};
/* End PBXResourcesBuildPhase section */

/* Begin PBXSourcesBuildPhase section */
		B93D81211F8F487700CB5708 /* Sources */ = {
			isa = PBXSourcesBuildPhase;
			buildActionMask = 2147483647;
			files = (
				B93D81301F8F487700CB5708 /* ViewController.m in Sources */,
				B93D812D1F8F487700CB5708 /* AppDelegate.m in Sources */,
				B93D81601F8F4A7800CB5708 /* operationsViewController.m in Sources */,
				B93D815D1F8F489000CB5708 /* database.m in Sources */,
				B93D812A1F8F487700CB5708 /* main.m in Sources */,
			);
			runOnlyForDeploymentPostprocessing = 0;
		};
		B93D813A1F8F487700CB5708 /* Sources */ = {
			isa = PBXSourcesBuildPhase;
			buildActionMask = 2147483647;
			files = (
				B93D81431F8F487700CB5708 /* singletonusingsqliteTests.m in Sources */,
			);
			runOnlyForDeploymentPostprocessing = 0;
		};
		B93D81451F8F487700CB5708 /* Sources */ = {
			isa = PBXSourcesBuildPhase;
			buildActionMask = 2147483647;
			files = (
				B93D814E1F8F487700CB5708 /* singletonusingsqliteUITests.m in Sources */,
			);
			runOnlyForDeploymentPostprocessing = 0;
		};
/* End PBXSourcesBuildPhase section */

/* Begin PBXTargetDependency section */
		B93D81401F8F487700CB5708 /* PBXTargetDependency */ = {
			isa = PBXTargetDependency;
			target = B93D81241F8F487700CB5708 /* singletonusingsqlite */;
			targetProxy = B93D813F1F8F487700CB5708 /* PBXContainerItemProxy */;
		};
		B93D814B1F8F487700CB5708 /* PBXTargetDependency */ = {
			isa = PBXTargetDependency;
			target = B93D81241F8F487700CB5708 /* singletonusingsqlite */;
			targetProxy = B93D814A1F8F487700CB5708 /* PBXContainerItemProxy */;
		};
/* End PBXTargetDependency section */

/* Begin PBXVariantGroup section */
		B93D81311F8F487700CB5708 /* Main.storyboard */ = {
			isa = PBXVariantGroup;
			children = (
				B93D81321F8F487700CB5708 /* Base */,
			);
			name = Main.storyboard;
			sourceTree = "<group>";
		};
		B93D81361F8F487700CB5708 /* LaunchScreen.storyboard */ = {
			isa = PBXVariantGroup;
			children = (
				B93D81371F8F487700CB5708 /* Base */,
			);
			name = LaunchScreen.storyboard;
			sourceTree = "<group>";
		};
/* End PBXVariantGroup section */

/* Begin XCBuildConfiguration section */
		B93D81501F8F487700CB5708 /* Debug */ = {
			isa = XCBuildConfiguration;
			buildSettings = {
				ALWAYS_SEARCH_USER_PATHS = NO;
				CLANG_ANALYZER_NONNULL = YES;
				CLANG_CXX_LANGUAGE_STANDARD = "gnu++0x";
				CLANG_CXX_LIBRARY = "libc++";
				CLANG_ENABLE_MODULES = YES;
				CLANG_ENABLE_OBJC_ARC = YES;
				CLANG_WARN_BOOL_CONVERSION = YES;
				CLANG_WARN_CONSTANT_CONVERSION = YES;
				CLANG_WARN_DIRECT_OBJC_ISA_USAGE = YES_ERROR;
				CLANG_WARN_EMPTY_BODY = YES;
				CLANG_WARN_ENUM_CONVERSION = YES;
				CLANG_WARN_INT_CONVERSION = YES;
				CLANG_WARN_OBJC_ROOT_CLASS = YES_ERROR;
				CLANG_WARN_UNREACHABLE_CODE = YES;
				CLANG_WARN__DUPLICATE_METHOD_MATCH = YES;
				"CODE_SIGN_IDENTITY[sdk=iphoneos*]" = "iPhone Developer";
				COPY_PHASE_STRIP = NO;
				DEBUG_INFORMATION_FORMAT = dwarf;
				ENABLE_STRICT_OBJC_MSGSEND = YES;
				ENABLE_TESTABILITY = YES;
				GCC_C_LANGUAGE_STANDARD = gnu99;
				GCC_DYNAMIC_NO_PIC = NO;
				GCC_NO_COMMON_BLOCKS = YES;
				GCC_OPTIMIZATION_LEVEL = 0;
				GCC_PREPROCESSOR_DEFINITIONS = (
					"DEBUG=1",
					"$(inherited)",
				);
				GCC_WARN_64_TO_32_BIT_CONVERSION = YES;
				GCC_WARN_ABOUT_RETURN_TYPE = YES_ERROR;
				GCC_WARN_UNDECLARED_SELECTOR = YES;
				GCC_WARN_UNINITIALIZED_AUTOS = YES_AGGRESSIVE;
				GCC_WARN_UNUSED_FUNCTION = YES;
				GCC_WARN_UNUSED_VARIABLE = YES;
				IPHONEOS_DEPLOYMENT_TARGET = 9.3;
				MTL_ENABLE_DEBUG_INFO = YES;
				ONLY_ACTIVE_ARCH = YES;
				SDKROOT = iphoneos;
				TARGETED_DEVICE_FAMILY = "1,2";
			};
			name = Debug;
		};
		B93D81511F8F487700CB5708 /* Release */ = {
			isa = XCBuildConfiguration;
			buildSettings = {
				ALWAYS_SEARCH_USER_PATHS = NO;
				CLANG_ANALYZER_NONNULL = YES;
				CLANG_CXX_LANGUAGE_STANDARD = "gnu++0x";
				CLANG_CXX_LIBRARY = "libc++";
				CLANG_ENABLE_MODULES = YES;
				CLANG_ENABLE_OBJC_ARC = YES;
				CLANG_WARN_BOOL_CONVERSION = YES;
				CLANG_WARN_CONSTANT_CONVERSION = YES;
				CLANG_WARN_DIRECT_OBJC_ISA_USAGE = YES_ERROR;
				CLANG_WARN_EMPTY_BODY = YES;
				CLANG_WARN_ENUM_CONVERSION = YES;
				CLANG_WARN_INT_CONVERSION = YES;
				CLANG_WARN_OBJC_ROOT_CLASS = YES_ERROR;
				CLANG_WARN_UNREACHABLE_CODE = YES;
				CLANG_WARN__DUPLICATE_METHOD_MATCH = YES;
				"CODE_SIGN_IDENTITY[sdk=iphoneos*]" = "iPhone Developer";
				COPY_PHASE_STRIP = NO;
				DEBUG_INFORMATION_FORMAT = "dwarf-with-dsym";
				ENABLE_NS_ASSERTIONS = NO;
				ENABLE_STRICT_OBJC_MSGSEND = YES;
				GCC_C_LANGUAGE_STANDARD = gnu99;
				GCC_NO_COMMON_BLOCKS = YES;
				GCC_WARN_64_TO_32_BIT_CONVERSION = YES;
				GCC_WARN_ABOUT_RETURN_TYPE = YES_ERROR;
				GCC_WARN_UNDECLARED_SELECTOR = YES;
				GCC_WARN_UNINITIALIZED_AUTOS = YES_AGGRESSIVE;
				GCC_WARN_UNUSED_FUNCTION = YES;
				GCC_WARN_UNUSED_VARIABLE = YES;
				IPHONEOS_DEPLOYMENT_TARGET = 9.3;
				MTL_ENABLE_DEBUG_INFO = NO;
				SDKROOT = iphoneos;
				TARGETED_DEVICE_FAMILY = "1,2";
				VALIDATE_PRODUCT = YES;
			};
			name = Release;
		};
		B93D81531F8F487700CB5708 /* Debug */ = {
			isa = XCBuildConfiguration;
			buildSettings = {
				ASSETCATALOG_COMPILER_APPICON_NAME = AppIcon;
				INFOPLIST_FILE = singletonusingsqlite/Info.plist;
				LD_RUNPATH_SEARCH_PATHS = "$(inherited) @executable_path/Frameworks";
				PRODUCT_BUNDLE_IDENTIFIER = sonal.singletonusingsqlite;
				PRODUCT_NAME = "$(TARGET_NAME)";
			};
			name = Debug;
		};
		B93D81541F8F487700CB5708 /* Release */ = {
			isa = XCBuildConfiguration;
			buildSettings = {
				ASSETCATALOG_COMPILER_APPICON_NAME = AppIcon;
				INFOPLIST_FILE = singletonusingsqlite/Info.plist;
				LD_RUNPATH_SEARCH_PATHS = "$(inherited) @executable_path/Frameworks";
				PRODUCT_BUNDLE_IDENTIFIER = sonal.singletonusingsqlite;
				PRODUCT_NAME = "$(TARGET_NAME)";
			};
			name = Release;
		};
		B93D81561F8F487700CB5708 /* Debug */ = {
			isa = XCBuildConfiguration;
			buildSettings = {
				BUNDLE_LOADER = "$(TEST_HOST)";
				INFOPLIST_FILE = singletonusingsqliteTests/Info.plist;
				LD_RUNPATH_SEARCH_PATHS = "$(inherited) @executable_path/Frameworks @loader_path/Frameworks";
				PRODUCT_BUNDLE_IDENTIFIER = sonal.singletonusingsqliteTests;
				PRODUCT_NAME = "$(TARGET_NAME)";
				TEST_HOST = "$(BUILT_PRODUCTS_DIR)/singletonusingsqlite.app/singletonusingsqlite";
			};
			name = Debug;
		};
		B93D81571F8F487700CB5708 /* Release */ = {
			isa = XCBuildConfiguration;
			buildSettings = {
				BUNDLE_LOADER = "$(TEST_HOST)";
				INFOPLIST_FILE = singletonusingsqliteTests/Info.plist;
				LD_RUNPATH_SEARCH_PATHS = "$(inherited) @executable_path/Frameworks @loader_path/Frameworks";
				PRODUCT_BUNDLE_IDENTIFIER = sonal.singletonusingsqliteTests;
				PRODUCT_NAME = "$(TARGET_NAME)";
				TEST_HOST = "$(BUILT_PRODUCTS_DIR)/singletonusingsqlite.app/singletonusingsqlite";
			};
			name = Release;
		};
		B93D81591F8F487700CB5708 /* Debug */ = {
			isa = XCBuildConfiguration;
			buildSettings = {
				INFOPLIST_FILE = singletonusingsqliteUITests/Info.plist;
				LD_RUNPATH_SEARCH_PATHS = "$(inherited) @executable_path/Frameworks @loader_path/Frameworks";
				PRODUCT_BUNDLE_IDENTIFIER = sonal.singletonusingsqliteUITests;
				PRODUCT_NAME = "$(TARGET_NAME)";
				TEST_TARGET_NAME = singletonusingsqlite;
			};
			name = Debug;
		};
		B93D815A1F8F487700CB5708 /* Release */ = {
			isa = XCBuildConfiguration;
			buildSettings = {
				INFOPLIST_FILE = singletonusingsqliteUITests/Info.plist;
				LD_RUNPATH_SEARCH_PATHS = "$(inherited) @executable_path/Frameworks @loader_path/Frameworks";
				PRODUCT_BUNDLE_IDENTIFIER = sonal.singletonusingsqliteUITests;
				PRODUCT_NAME = "$(TARGET_NAME)";
				TEST_TARGET_NAME = singletonusingsqlite;
			};
			name = Release;
		};
/* End XCBuildConfiguration section */

/* Begin XCConfigurationList section */
		B93D81201F8F487700CB5708 /* Build configuration list for PBXProject "singletonusingsqlite" */ = {
			isa = XCConfigurationList;
			buildConfigurations = (
				B93D81501F8F487700CB5708 /* Debug */,
				B93D81511F8F487700CB5708 /* Release */,
			);
			defaultConfigurationIsVisible = 0;
			defaultConfigurationName = Release;
		};
		B93D81521F8F487700CB5708 /* Build configuration list for PBXNativeTarget "singletonusingsqlite" */ = {
			isa = XCConfigurationList;
			buildConfigurations = (
				B93D81531F8F487700CB5708 /* Debug */,
				B93D81541F8F487700CB5708 /* Release */,
			);
			defaultConfigurationIsVisible = 0;
		};
		B93D81551F8F487700CB5708 /* Build configuration list for PBXNativeTarget "singletonusingsqliteTests" */ = {
			isa = XCConfigurationList;
			buildConfigurations = (
				B93D81561F8F487700CB5708 /* Debug */,
				B93D81571F8F487700CB5708 /* Release */,
			);
			defaultConfigurationIsVisible = 0;
		};
		B93D81581F8F487700CB5708 /* Build configuration list for PBXNativeTarget "singletonusingsqliteUITests" */ = {
			isa = XCConfigurationList;
			buildConfigurations = (
				B93D81591F8F487700CB5708 /* Debug */,
				B93D815A1F8F487700CB5708 /* Release */,
			);
			defaultConfigurationIsVisible = 0;
		};
/* End XCConfigurationList section */
	};
	rootObject = B93D811D1F8F487700CB5708 /* Project object */;
}
